version: 6
environments:
  default:
    channels:
    - url: https://conda.anaconda.org/conda-forge/
    indexes:
    - https://pypi.org/simple
    options:
      pypi-prerelease-mode: if-necessary-or-explicit
    packages:
      osx-arm64:
      - conda: https://conda.anaconda.org/conda-forge/osx-arm64/bzip2-1.0.8-hd037594_9.conda
      - conda: https://conda.anaconda.org/conda-forge/noarch/ca-certificates-2026.2.25-hbd8a1cb_0.conda
      - conda: https://conda.anaconda.org/conda-forge/osx-arm64/icu-78.2-hef89b57_0.conda
      - conda: https://conda.anaconda.org/conda-forge/osx-arm64/libexpat-2.7.4-hf6b4638_0.conda
      - conda: https://conda.anaconda.org/conda-forge/osx-arm64/libffi-3.5.2-hcf2aa1b_0.conda
      - conda: https://conda.anaconda.org/conda-forge/osx-arm64/liblzma-5.8.2-h8088a28_0.conda
      - conda: https://conda.anaconda.org/conda-forge/osx-arm64/libmpdec-4.0.0-h84a0fba_1.conda
      - conda: https://conda.anaconda.org/conda-forge/osx-arm64/libsqlite-3.51.2-h1ae2325_0.conda
      - conda: https://conda.anaconda.org/conda-forge/osx-arm64/libzlib-1.3.1-h8359307_2.conda
      - conda: https://conda.anaconda.org/conda-forge/osx-arm64/ncurses-6.5-h5e97a16_3.conda
      - conda: https://conda.anaconda.org/conda-forge/osx-arm64/openssl-3.6.1-hd24854e_1.conda
      - conda: https://conda.anaconda.org/conda-forge/osx-arm64/python-3.13.12-h20e6be0_100_cp313.conda
      - conda: https://conda.anaconda.org/conda-forge/noarch/python_abi-3.13-8_cp313.conda
      - conda: https://conda.anaconda.org/conda-forge/osx-arm64/readline-8.3-h46df422_0.conda
      - conda: https://conda.anaconda.org/conda-forge/osx-arm64/tk-8.6.13-h010d191_3.conda
      - conda: https://conda.anaconda.org/conda-forge/noarch/tzdata-2025c-hc9c84f9_1.conda
      - pypi: https://files.pythonhosted.org/packages/bc/8a/340a1555ae33d7354dbca4faa54948d76d89a27ceef032c8c3bc661d003e/aiofiles-25.1.0-py3-none-any.whl
      - pypi: https://files.pythonhosted.org/packages/71/43/1947f06babed6b3f1d7f38b0c767f52df66bfb2bc10b468c4a7de9eceff2/aiohappyeyeballs-2.7.1-py3-none-any.whl
      - pypi: https://files.pythonhosted.org/packages/bc/6b/e7f13410d391c6e55b4c007a8de024355389d7d459e3d64c42b2d33617e5/aiohttp-3.14.3-cp313-cp313-macosx_11_0_arm64.whl
      - pypi: https://files.pythonhosted.org/packages/fb/76/641ae371508676492379f16e2fa48f4e2c11741bd63c48be4b12a6b09cba/aiosignal-1.4.0-py3-none-any.whl
      - pypi: https://files.pythonhosted.org/packages/3e/30/e900b21425a860e195f32e37657aa1f7c7f2b1bfb26f03ca209b90933c06/annotated_doc-0.0.5-py3-none-any.whl
      - pypi: https://files.pythonhosted.org/packages/99/91/8acff4f5e50511b911bbccb72b8628a49c68ce14148cd9f6431094859a90/annotated_types-0.8.0-py3-none-any.whl
      - pypi: https://files.pythonhosted.org/packages/da/35/f2287558c17e29fafc8ef3daf819bb9834061cfa43bff8014f7df7f63bdc/anyio-4.14.2-py3-none-any.whl
      - pypi: https://files.pythonhosted.org/packages/64/b4/17d4b0b2a2dc85a6df63d1157e028ed19f90d4cd97c36717afef2bc2f395/attrs-26.1.0-py3-none-any.whl
      - pypi: https://files.pythonhosted.org/packages/99/37/e8730c3587a65eb5645d4aba2d27aae48e8003614d6aaf15dda67f702f1f/bidict-0.23.1-py3-none-any.whl
      - pypi: https://files.pythonhosted.org/packages/0b/a7/71ac2cff56fec219ed242bb11b8efb69fcc4bec75db06fb7bfe35de520e6/certifi-2026.7.22-py3-none-any.whl
      - pypi: https://files.pythonhosted.org/packages/fb/e2/79c688af8b210d232694e31e59da9f6ec747bae31c3f5946e4e9b98860d5/click-8.4.2-py3-none-any.whl
      - pypi: https://files.pythonhosted.org/packages/32/91/30151a39f7570f448ed84529390628a651d7f27c87d73c9b887f8189695e/docutils-0.23-py3-none-any.whl
      - pypi: https://files.pythonhosted.org/packages/cb/03/10388a42375ee7e4ac9b94eb2c5c569c8b5795e377e701c9ac3ad63de890/fastapi-0.141.1-py3-none-any.whl
      - pypi: https://files.pythonhosted.org/packages/0c/ab/6e5080ee374f875296c4243c381bbdef97a9ac39c6e3ce1d5f7d42cb78d6/frozenlist-1.8.0-cp313-cp313-macosx_11_0_arm64.whl
      - pypi: https://files.pythonhosted.org/packages/04/4b/29cac41a4d98d144bf5f6d33995617b185d14b22401f75ca86f384e87ff1/h11-0.16.0-py3-none-any.whl
      - pypi: https://files.pythonhosted.org/packages/7e/f5/f66802a942d491edb555dd61e3a9961140fd64c90bce1eafd741609d334d/httpcore-1.0.9-py3-none-any.whl
      - pypi: https://files.pythonhosted.org/packages/2a/0e/0fb14848c19a686c8062ff9067c1a48793e3224b47bc5b201535b6036fce/httptools-0.8.0-cp313-cp313-macosx_11_0_arm64.whl
      - pypi: https://files.pythonhosted.org/packages/2a/39/e50c7c3a983047577ee07d2a9e53faf5a69493943ec3f6a384bdc792deb2/httpx-0.28.1-py3-none-any.whl
      - pypi: https://files.pythonhosted.org/packages/1e/5e/d4e9f1a599fb8e573b7b87160658329fbf28d19eac2718f51fc3def3aa5a/idna-3.18-py3-none-any.whl
      - pypi: https://files.pythonhosted.org/packages/9c/1f/19ebc343cc71a7ffa78f17018535adc5cbdd87afb31d7c34874680148b32/ifaddr-0.2.0-py3-none-any.whl
      - pypi: https://files.pythonhosted.org/packages/04/96/92447566d16df59b2a776c0fb82dbc4d9e07cd95062562af01e408583fc4/itsdangerous-2.2.0-py3-none-any.whl
      - pypi: https://files.pythonhosted.org/packages/62/a1/3d680cbfd5f4b8f15abc1d571870c5fc3e594bb582bc3b64ea099db13e56/jinja2-3.1.6-py3-none-any.whl
      - pypi: https://files.pythonhosted.org/packages/a5/eb/7e6f37c5584ccbb2ff267f56fd0339016938c1c8684cfefab9b33ffc2f36/lxml-6.1.1-cp313-cp313-macosx_10_13_universal2.whl
      - pypi: https://files.pythonhosted.org/packages/6a/bd/6e2b76a6c5dee10397db9c929f0c5066766ec1036046f0335b7ca7ca08b8/lxml_html_clean-0.4.5-py3-none-any.whl
      - pypi: https://files.pythonhosted.org/packages/43/af/4b3891eb0a49d6cfd5cbf3e9bf514c943afc2b0f13e2c57cc57cd88ecc21/markdown2-2.5.5-py3-none-any.whl
      - pypi: https://files.pythonhosted.org/packages/9c/d9/5f7756922cdd676869eca1c4e3c0cd0df60ed30199ffd775e319089cb3ed/markupsafe-3.0.3-cp313-cp313-macosx_11_0_arm64.whl
      - pypi: https://files.pythonhosted.org/packages/79/76/55cd7186f498ed080a18440c9013011eb548f77ae1b297206d030eb1180a/multidict-6.7.1-cp313-cp313-macosx_11_0_arm64.whl
      - pypi: https://files.pythonhosted.org/packages/b2/66/b8c19171fa2297079e4547f2cad46ba320151d61d48b1eef19f788b46c2d/nicegui-3.15.0-py3-none-any.whl
      - pypi: https://files.pythonhosted.org/packages/32/33/93fcc25907235c344ae73122f8a4e01d2d393ef062b4af7d2e2487a32c37/orjson-3.11.9-cp313-cp313-macosx_10_15_x86_64.macosx_11_0_arm64.macosx_10_15_universal2.whl
      - pypi: https://files.pythonhosted.org/packages/a9/12/a6ba6482bb5ea3260c000c9b20881c95fa11c6b30173715668259f844ed7/propcache-0.5.2-cp313-cp313-macosx_11_0_arm64.whl
      - pypi: https://files.pythonhosted.org/packages/fd/7b/122376b1fd3c62c1ed9dc80c931ace4844b3c55407b6fb2d199377c9736f/pydantic-2.13.4-py3-none-any.whl
      - pypi: https://files.pythonhosted.org/packages/c1/81/4fa520eaffa8bd7d1525e644cd6d39e7d60b1592bc5b516693c7340b50f1/pydantic_core-2.46.4-cp313-cp313-macosx_11_0_arm64.whl
      - pypi: https://files.pythonhosted.org/packages/f4/7e/a72dd26f3b0f4f2bf1dd8923c85f7ceb43172af56d63c7383eb62b332364/pygments-2.20.0-py3-none-any.whl
      - pypi: https://files.pythonhosted.org/packages/0b/d7/1959b9648791274998a9c3526f6d0ec8fd2233e4d4acce81bbae76b44b2a/python_dotenv-1.2.2-py3-none-any.whl
      - pypi: https://files.pythonhosted.org/packages/17/3d/26e14cf47c56c9ba3c3e12cae21f24716bc3182bb52260213ec0c819d0b9/python_engineio-4.13.4-py3-none-any.whl
      - pypi: https://files.pythonhosted.org/packages/e1/04/e8135ebd1ad02c56ec633277529b2602ff99ff634be76cdba5744cf554fd/python_multipart-0.0.32-py3-none-any.whl
      - pypi: https://files.pythonhosted.org/packages/0a/38/8c5e72d53ff8eb27497c4f268a7f6d9121e727a50b65248288ad79a93053/python_socketio-5.16.3-py3-none-any.whl
      - pypi: https://files.pythonhosted.org/packages/b1/16/95309993f1d3748cd644e02e38b75d50cbc0d9561d21f390a76242ce073f/pyyaml-6.0.3-cp313-cp313-macosx_11_0_arm64.whl
      - pypi: https://files.pythonhosted.org/packages/52/59/0782e51887ac6b07ffd1570e0364cf901ebc36345fea669969d2084baebb/simple_websocket-1.1.0-py3-none-any.whl
      - pypi: https://files.pythonhosted.org/packages/ec/bb/2799cc2ede3ed41131f8975621e7213dfc7ef4acbbaadfa440f32500c370/starlette-1.3.1-py3-none-any.whl
      - pypi: https://files.pythonhosted.org/packages/60/45/c7b5c3168458db837e8ceab06dc77824e18202679d0463f0e8f002143a97/tinycss2-1.5.1-py3-none-any.whl
      - pypi: https://files.pythonhosted.org/packages/49/d3/b8441a820a491ddfc024b0b0cf0393375b75ea13866d9c66727e54c2fc80/typing_extensions-4.16.0-py3-none-any.whl
      - pypi: https://files.pythonhosted.org/packages/dc/9b/47798a6c91d8bdb567fe2698fe81e0c6b7cb7ef4d13da4114b41d239f65d/typing_inspection-0.4.2-py3-none-any.whl
      - pypi: https://files.pythonhosted.org/packages/39/e6/b5c0630ace9757232aec07112be8146b812787db52141ff9d50674aa7634/uvicorn-0.52.0-py3-none-any.whl
      - pypi: https://files.pythonhosted.org/packages/89/8c/182a2a593195bfd39842ea68ebc084e20c850806117213f5a299dfc513d9/uvloop-0.22.1-cp313-cp313-macosx_10_13_universal2.whl
      - pypi: https://files.pythonhosted.org/packages/31/3a/0da302f2307aee316922806ebd5726c542cbd787c938271cf14a074c7daf/watchfiles-1.2.0-cp313-cp313-macosx_11_0_arm64.whl
      - pypi: https://files.pythonhosted.org/packages/f4/24/2a3e3df732393fed8b3ebf2ec078f05546de641fe1b667ee316ec1dcf3b7/webencodings-0.5.1-py2.py3-none-any.whl
      - pypi: https://files.pythonhosted.org/packages/a2/ef/cc994494bf7d97e41833f6ff55c24f535e4d527a10370b9631737e9c2f00/websockets-17.0.1-cp313-cp313-macosx_11_0_arm64.whl
      - pypi: https://files.pythonhosted.org/packages/a4/f5/10b68b7b1544245097b2a1b8238f66f2fc6dcaeb24ba5d917f52bd2eed4f/wsproto-1.3.2-py3-none-any.whl
      - pypi: https://files.pythonhosted.org/packages/15/f0/7688d3f2cfff7590df2af38ec46d969f4281a4dddb08a9ad2eafbcdddf98/yarl-1.24.5-cp313-cp313-macosx_11_0_arm64.whl
packages:
- pypi: https://files.pythonhosted.org/packages/bc/8a/340a1555ae33d7354dbca4faa54948d76d89a27ceef032c8c3bc661d003e/aiofiles-25.1.0-py3-none-any.whl
  name: aiofiles
  version: 25.1.0
  sha256: abe311e527c862958650f9438e859c1fa7568a141b22abcd015e120e86a85695
  requires_python: '>=3.9'
- pypi: https://files.pythonhosted.org/packages/71/43/1947f06babed6b3f1d7f38b0c767f52df66bfb2bc10b468c4a7de9eceff2/aiohappyeyeballs-2.7.1-py3-none-any.whl
  name: aiohappyeyeballs
  version: 2.7.1
  sha256: 9243213661e29250eb41368e5daa826fc017156c3b8a11440826b2e3ed376472
  requires_python: '>=3.10'
- pypi: https://files.pythonhosted.org/packages/bc/6b/e7f13410d391c6e55b4c007a8de024355389d7d459e3d64c42b2d33617e5/aiohttp-3.14.3-cp313-cp313-macosx_11_0_arm64.whl
  name: aiohttp
  version: 3.14.3
  sha256: 11fb37ef075669eee52ab1928fbf6e1741fada40409fa309ebde9607a962aebf
  requires_dist:
  - aiohappyeyeballs>=2.5.0
  - aiosignal>=1.4.0
  - async-timeout>=4.0,<6.0 ; python_full_version < '3.11'
  - attrs>=17.3.0
  - frozenlist>=1.1.1
  - multidict>=4.5,<7.0
  - propcache>=0.2.0
  - typing-extensions>=4.4 ; python_full_version < '3.13'
  - yarl>=1.17.0,<2.0
  - aiodns>=3.3.0 ; sys_platform != 'android' and sys_platform != 'ios' and extra == 'speedups'
  - brotli>=1.2 ; platform_python_implementation == 'CPython' and sys_platform != 'android' and sys_platform != 'ios' and extra == 'speedups'
  - brotlicffi>=1.2 ; platform_python_implementation != 'CPython' and extra == 'speedups'
  - backports-zstd ; python_full_version < '3.14' and platform_python_implementation == 'CPython' and sys_platform != 'android' and sys_platform != 'ios' and extra == 'speedups'
  requires_python: '>=3.10'
- pypi: https://files.pythonhosted.org/packages/fb/76/641ae371508676492379f16e2fa48f4e2c11741bd63c48be4b12a6b09cba/aiosignal-1.4.0-py3-none-any.whl
  name: aiosignal
  version: 1.4.0
  sha256: 053243f8b92b990551949e63930a839ff0cf0b0ebbe0597b0f3fb19e1a0fe82e
  requires_dist:
  - frozenlist>=1.1.0
  - typing-extensions>=4.2 ; python_full_version < '3.13'
  requires_python: '>=3.9'
- pypi: https://files.pythonhosted.org/packages/3e/30/e900b21425a860e195f32e37657aa1f7c7f2b1bfb26f03ca209b90933c06/annotated_doc-0.0.5-py3-none-any.whl
  name: annotated-doc
  version: 0.0.5
  sha256: 117bac03a25ede5df5440e855b32d556049ca169ead221505badf432fed4b101
  requires_python: '>=3.9'
- pypi: https://files.pythonhosted.org/packages/99/91/8acff4f5e50511b911bbccb72b8628a49c68ce14148cd9f6431094859a90/annotated_types-0.8.0-py3-none-any.whl
  name: annotated-types
  version: 0.8.0
  sha256: f072f4d804ea359e4eaf198b1af7a8b0943881a87f31bb764f8bf219bb9419e0
  requires_python: '>=3.10'
- pypi: https://files.pythonhosted.org/packages/da/35/f2287558c17e29fafc8ef3daf819bb9834061cfa43bff8014f7df7f63bdc/anyio-4.14.2-py3-none-any.whl
  name: anyio
  version: 4.14.2
  sha256: 9f505dda5ac9f0c8309b5e8bd445a8c2bf7246f3ce950121e45ea15bc41d1494
  requires_dist:
  - exceptiongroup>=1.0.2 ; python_full_version < '3.11'
  - idna>=2.8
  - typing-extensions>=4.5 ; python_full_version < '3.13'
  - trio>=0.32.0 ; extra == 'trio'
  requires_python: '>=3.10'
- pypi: https://files.pythonhosted.org/packages/64/b4/17d4b0b2a2dc85a6df63d1157e028ed19f90d4cd97c36717afef2bc2f395/attrs-26.1.0-py3-none-any.whl
  name: attrs
  version: 26.1.0
  sha256: c647aa4a12dfbad9333ca4e71fe62ddc36f4e63b2d260a37a8b83d2f043ac309
  requires_python: '>=3.9'
- pypi: https://files.pythonhosted.org/packages/99/37/e8730c3587a65eb5645d4aba2d27aae48e8003614d6aaf15dda67f702f1f/bidict-0.23.1-py3-none-any.whl
  name: bidict
  version: 0.23.1
  sha256: 5dae8d4d79b552a71cbabc7deb25dfe8ce710b17ff41711e13010ead2abfc3e5
  requires_python: '>=3.8'
- conda: https://conda.anaconda.org/conda-forge/osx-arm64/bzip2-1.0.8-hd037594_9.conda
  sha256: 540fe54be35fac0c17feefbdc3e29725cce05d7367ffedfaaa1bdda234b019df
  md5: 620b85a3f45526a8bc4d23fd78fc22f0
  depends:
  - __osx >=11.0
  license: bzip2-1.0.6
  license_family: BSD
  purls: []
  size: 124834
  timestamp: 1771350416561
- conda: https://conda.anaconda.org/conda-forge/noarch/ca-certificates-2026.2.25-hbd8a1cb_0.conda
  sha256: 67cc7101b36421c5913a1687ef1b99f85b5d6868da3abbf6ec1a4181e79782fc
  md5: 4492fd26db29495f0ba23f146cd5638d
  depends:
  - __unix
  license: ISC
  purls: []
  size: 147413
  timestamp: 1772006283803
- pypi: https://files.pythonhosted.org/packages/0b/a7/71ac2cff56fec219ed242bb11b8efb69fcc4bec75db06fb7bfe35de520e6/certifi-2026.7.22-py3-none-any.whl
  name: certifi
  version: 2026.7.22
  sha256: 62f22742b58a1a33014a2b6b706588a8d7e2a88ae7bd1a6ebe8c992928483775
  requires_python: '>=3.7'
- pypi: https://files.pythonhosted.org/packages/fb/e2/79c688af8b210d232694e31e59da9f6ec747bae31c3f5946e4e9b98860d5/click-8.4.2-py3-none-any.whl
  name: click
  version: 8.4.2
  sha256: e6f9f66136c816745b9d65817da91d61d957fb16e02e4dcd0552553c5a197b76
  requires_dist:
  - colorama ; sys_platform == 'win32'
  requires_python: '>=3.10'
- pypi: https://files.pythonhosted.org/packages/32/91/30151a39f7570f448ed84529390628a651d7f27c87d73c9b887f8189695e/docutils-0.23-py3-none-any.whl
  name: docutils
  version: '0.23'
  sha256: 25d013af9bf23bc1c7b2b093dff4208166c53a94786c9e447808335ef1185fea
  requires_python: '>=3.9'
- pypi: https://files.pythonhosted.org/packages/cb/03/10388a42375ee7e4ac9b94eb2c5c569c8b5795e377e701c9ac3ad63de890/fastapi-0.141.1-py3-none-any.whl
  name: fastapi
  version: 0.141.1
  sha256: bfb91aa2d334c61cb35ba9a116fc123b3d3df31640b801cf57a7a78ec3f603b3
  requires_dist:
  - starlette>=0.46.0
  - pydantic>=2.9.0
  - typing-extensions>=4.8.0
  - typing-inspection>=0.4.2
  - annotated-doc>=0.0.2
  - fastapi-cli[standard]>=0.0.32 ; extra == 'standard'
  - fastar>=0.9.0 ; extra == 'standard'
  - httpx>=0.23.0,<1.0.0 ; extra == 'standard'
  - jinja2>=3.1.5 ; extra == 'standard'
  - python-multipart>=0.0.18 ; extra == 'standard'
  - email-validator>=2.0.0 ; extra == 'standard'
  - uvicorn[standard]>=0.12.0 ; extra == 'standard'
  - pydantic-settings>=2.0.0 ; extra == 'standard'
  - pydantic-extra-types>=2.0.0 ; extra == 'standard'
  - fastapi-cli[standard-no-fastapi-cloud-cli]>=0.0.32 ; extra == 'standard-no-fastapi-cloud-cli'
  - httpx>=0.23.0,<1.0.0 ; extra == 'standard-no-fastapi-cloud-cli'
  - jinja2>=3.1.5 ; extra == 'standard-no-fastapi-cloud-cli'
  - python-multipart>=0.0.18 ; extra == 'standard-no-fastapi-cloud-cli'
  - email-validator>=2.0.0 ; extra == 'standard-no-fastapi-cloud-cli'
  - uvicorn[standard]>=0.12.0 ; extra == 'standard-no-fastapi-cloud-cli'
  - pydantic-settings>=2.0.0 ; extra == 'standard-no-fastapi-cloud-cli'
  - pydantic-extra-types>=2.0.0 ; extra == 'standard-no-fastapi-cloud-cli'
  - fastapi-cli[standard]>=0.0.32 ; extra == 'all'
  - httpx>=0.23.0,<1.0.0 ; extra == 'all'
  - jinja2>=3.1.5 ; extra == 'all'
  - python-multipart>=0.0.18 ; extra == 'all'
  - itsdangerous>=1.1.0 ; extra == 'all'
  - pyyaml>=5.3.1 ; extra == 'all'
  - email-validator>=2.0.0 ; extra == 'all'
  - uvicorn[standard]>=0.12.0 ; extra == 'all'
  - pydantic-settings>=2.0.0 ; extra == 'all'
  - pydantic-extra-types>=2.0.0 ; extra == 'all'
  requires_python: '>=3.10'
- pypi: https://files.pythonhosted.org/packages/0c/ab/6e5080ee374f875296c4243c381bbdef97a9ac39c6e3ce1d5f7d42cb78d6/frozenlist-1.8.0-cp313-cp313-macosx_11_0_arm64.whl
  name: frozenlist
  version: 1.8.0
  sha256: f21f00a91358803399890ab167098c131ec2ddd5f8f5fd5fe9c9f2c6fcd91e40
  requires_python: '>=3.9'
- pypi: https://files.pythonhosted.org/packages/04/4b/29cac41a4d98d144bf5f6d33995617b185d14b22401f75ca86f384e87ff1/h11-0.16.0-py3-none-any.whl
  name: h11
  version: 0.16.0
  sha256: 63cf8bbe7522de3bf65932fda1d9c2772064ffb3dae62d55932da54b31cb6c86
  requires_python: '>=3.8'
- pypi: https://files.pythonhosted.org/packages/7e/f5/f66802a942d491edb555dd61e3a9961140fd64c90bce1eafd741609d334d/httpcore-1.0.9-py3-none-any.whl
  name: httpcore
  version: 1.0.9
  sha256: 2d400746a40668fc9dec9810239072b40b4484b640a8c38fd654a024c7a1bf55
  requires_dist:
  - certifi
  - h11>=0.16
  - anyio>=4.0,<5.0 ; extra == 'asyncio'
  - h2>=3,<5 ; extra == 'http2'
  - socksio==1.* ; extra == 'socks'
  - trio>=0.22.0,<1.0 ; extra == 'trio'
  requires_python: '>=3.8'
- pypi: https://files.pythonhosted.org/packages/2a/0e/0fb14848c19a686c8062ff9067c1a48793e3224b47bc5b201535b6036fce/httptools-0.8.0-cp313-cp313-macosx_11_0_arm64.whl
  name: httptools
  version: 0.8.0
  sha256: 2d689918c15a013c65ef52d9fd495d766893ab831a2c8d89f2ac5940a5df847c
  requires_python: '>=3.9'
- pypi: https://files.pythonhosted.org/packages/2a/39/e50c7c3a983047577ee07d2a9e53faf5a69493943ec3f6a384bdc792deb2/httpx-0.28.1-py3-none-any.whl
  name: httpx
  version: 0.28.1
  sha256: d909fcccc110f8c7faf814ca82a9a4d816bc5a6dbfea25d6591d6985b8ba59ad
  requires_dist:
  - anyio
  - certifi
  - httpcore==1.*
  - idna
  - brotli ; platform_python_implementation == 'CPython' and extra == 'brotli'
  - brotlicffi ; platform_python_implementation != 'CPython' and extra == 'brotli'
  - click==8.* ; extra == 'cli'
  - pygments==2.* ; extra == 'cli'
  - rich>=10,<14 ; extra == 'cli'
  - h2>=3,<5 ; extra == 'http2'
  - socksio==1.* ; extra == 'socks'
  - zstandard>=0.18.0 ; extra == 'zstd'
  requires_python: '>=3.8'
- conda: https://conda.anaconda.org/conda-forge/osx-arm64/icu-78.2-hef89b57_0.conda
  sha256: 24bc62335106c30fecbcc1dba62c5eba06d18b90ea1061abd111af7b9c89c2d7
  md5: 114e6bfe7c5ad2525eb3597acdbf2300
  depends:
  - __osx >=11.0
  license: MIT
  license_family: MIT
  purls: []
  size: 12389400
  timestamp: 1772209104304
- pypi: https://files.pythonhosted.org/packages/1e/5e/d4e9f1a599fb8e573b7b87160658329fbf28d19eac2718f51fc3def3aa5a/idna-3.18-py3-none-any.whl
  name: idna
  version: '3.18'
  sha256: 7f952cbe720b688055e3f87de14f5c3e5fdaa8bc3928985c4077ca689de849a2
  requires_dist:
  - ruff>=0.6.2 ; extra == 'all'
  - mypy>=1.11.2 ; extra == 'all'
  - pytest>=8.3.2 ; extra == 'all'
  requires_python: '>=3.9'
- pypi: https://files.pythonhosted.org/packages/9c/1f/19ebc343cc71a7ffa78f17018535adc5cbdd87afb31d7c34874680148b32/ifaddr-0.2.0-py3-none-any.whl
  name: ifaddr
  version: 0.2.0
  sha256: 085e0305cfe6f16ab12d72e2024030f5d52674afad6911bb1eee207177b8a748
- pypi: https://files.pythonhosted.org/packages/04/96/92447566d16df59b2a776c0fb82dbc4d9e07cd95062562af01e408583fc4/itsdangerous-2.2.0-py3-none-any.whl
  name: itsdangerous
  version: 2.2.0
  sha256: c6242fc49e35958c8b15141343aa660db5fc54d4f13a1db01a3f5891b98700ef
  requires_python: '>=3.8'
- pypi: https://files.pythonhosted.org/packages/62/a1/3d680cbfd5f4b8f15abc1d571870c5fc3e594bb582bc3b64ea099db13e56/jinja2-3.1.6-py3-none-any.whl
  name: jinja2
  version: 3.1.6
  sha256: 85ece4451f492d0c13c5dd7c13a64681a86afae63a5f347908daf103ce6d2f67
  requires_dist:
  - markupsafe>=2.0
  - babel>=2.7 ; extra == 'i18n'
  requires_python: '>=3.7'
- conda: https://conda.anaconda.org/conda-forge/osx-arm64/libexpat-2.7.4-hf6b4638_0.conda
  sha256: 03887d8080d6a8fe02d75b80929271b39697ecca7628f0657d7afaea87761edf
  md5: a92e310ae8dfc206ff449f362fc4217f
  depends:
  - __osx >=11.0
  constrains:
  - expat 2.7.4.*
  license: MIT
  license_family: MIT
  purls: []
  size: 68199
  timestamp: 1771260020767
- conda: https://conda.anaconda.org/conda-forge/osx-arm64/libffi-3.5.2-hcf2aa1b_0.conda
  sha256: 6686a26466a527585e6a75cc2a242bf4a3d97d6d6c86424a441677917f28bec7
  md5: 43c04d9cb46ef176bb2a4c77e324d599
  depends:
  - __osx >=11.0
  license: MIT
  license_family: MIT
  purls: []
  size: 40979
  timestamp: 1769456747661
- conda: https://conda.anaconda.org/conda-forge/osx-arm64/liblzma-5.8.2-h8088a28_0.conda
  sha256: 7bfc7ffb2d6a9629357a70d4eadeadb6f88fa26ebc28f606b1c1e5e5ed99dc7e
  md5: 009f0d956d7bfb00de86901d16e486c7
  depends:
  - __osx >=11.0
  constrains:
  - xz 5.8.2.*
  license: 0BSD
  purls: []
  size: 92242
  timestamp: 1768752982486
- conda: https://conda.anaconda.org/conda-forge/osx-arm64/libmpdec-4.0.0-h84a0fba_1.conda
  sha256: 1089c7f15d5b62c622625ec6700732ece83be8b705da8c6607f4dabb0c4bd6d2
  md5: 57c4be259f5e0b99a5983799a228ae55
  depends:
  - __osx >=11.0
  license: BSD-2-Clause
  license_family: BSD
  purls: []
  size: 73690
  timestamp: 1769482560514
- conda: https://conda.anaconda.org/conda-forge/osx-arm64/libsqlite-3.51.2-h1ae2325_0.conda
  sha256: 6e9b9f269732cbc4698c7984aa5b9682c168e2a8d1e0406e1ff10091ca046167
  md5: 4b0bf313c53c3e89692f020fb55d5f2c
  depends:
  - __osx >=11.0
  - icu >=78.2,<79.0a0
  - libzlib >=1.3.1,<2.0a0
  license: blessing
  purls: []
  size: 909777
  timestamp: 1768148320535
- conda: https://conda.anaconda.org/conda-forge/osx-arm64/libzlib-1.3.1-h8359307_2.conda
  sha256: ce34669eadaba351cd54910743e6a2261b67009624dbc7daeeafdef93616711b
  md5: 369964e85dc26bfe78f41399b366c435
  depends:
  - __osx >=11.0
  constrains:
  - zlib 1.3.1 *_2
  license: Zlib
  license_family: Other
  purls: []
  size: 46438
  timestamp: 1727963202283
- pypi: https://files.pythonhosted.org/packages/a5/eb/7e6f37c5584ccbb2ff267f56fd0339016938c1c8684cfefab9b33ffc2f36/lxml-6.1.1-cp313-cp313-macosx_10_13_universal2.whl
  name: lxml
  version: 6.1.1
  sha256: 68a9198d0fc122d14bb76837de9aa80cf84caed990b5b237f532ed87d3706736
  requires_dist:
  - cssselect>=0.7 ; extra == 'cssselect'
  - html5lib ; extra == 'html5'
  - beautifulsoup4 ; extra == 'htmlsoup'
  - lxml-html-clean ; extra == 'html-clean'
  requires_python: '>=3.8'
- pypi: https://files.pythonhosted.org/packages/6a/bd/6e2b76a6c5dee10397db9c929f0c5066766ec1036046f0335b7ca7ca08b8/lxml_html_clean-0.4.5-py3-none-any.whl
  name: lxml-html-clean
  version: 0.4.5
  sha256: c76fcadd1e5bfb9b8bafc2200d51e4e78eb0dad67f56881c21dfb6484c7e7746
  requires_dist:
  - lxml>=6.1.1
- pypi: https://files.pythonhosted.org/packages/43/af/4b3891eb0a49d6cfd5cbf3e9bf514c943afc2b0f13e2c57cc57cd88ecc21/markdown2-2.5.5-py3-none-any.whl
  name: markdown2
  version: 2.5.5
  sha256: be798587e09d1f52d2e4d96a649c4b82a778c75f9929aad52a2c95747fa26941
  requires_dist:
  - pygments>=2.7.3 ; extra == 'all'
  - wavedrom ; extra == 'all'
  - latex2mathml ; python_full_version >= '3.9' and extra == 'all'
  - pygments>=2.7.3 ; extra == 'code-syntax-highlighting'
  - latex2mathml ; python_full_version >= '3.9' and extra == 'latex'
  - wavedrom ; extra == 'wavedrom'
  requires_python: '>=3.9,<4'
- pypi: https://files.pythonhosted.org/packages/9c/d9/5f7756922cdd676869eca1c4e3c0cd0df60ed30199ffd775e319089cb3ed/markupsafe-3.0.3-cp313-cp313-macosx_11_0_arm64.whl
  name: markupsafe
  version: 3.0.3
  sha256: 116bb52f642a37c115f517494ea5feb03889e04df47eeff5b130b1808ce7c219
  requires_python: '>=3.9'
- pypi: https://files.pythonhosted.org/packages/79/76/55cd7186f498ed080a18440c9013011eb548f77ae1b297206d030eb1180a/multidict-6.7.1-cp313-cp313-macosx_11_0_arm64.whl
  name: multidict
  version: 6.7.1
  sha256: 935434b9853c7c112eee7ac891bc4cb86455aa631269ae35442cb316790c1445
  requires_dist:
  - typing-extensions>=4.1.0 ; python_full_version < '3.11'
  requires_python: '>=3.9'
- conda: https://conda.anaconda.org/conda-forge/osx-arm64/ncurses-6.5-h5e97a16_3.conda
  sha256: 2827ada40e8d9ca69a153a45f7fd14f32b2ead7045d3bbb5d10964898fe65733
  md5: 068d497125e4bf8a66bf707254fff5ae
  depends:
  - __osx >=11.0
  license: X11 AND BSD-3-Clause
  purls: []
  size: 797030
  timestamp: 1738196177597
- pypi: https://files.pythonhosted.org/packages/b2/66/b8c19171fa2297079e4547f2cad46ba320151d61d48b1eef19f788b46c2d/nicegui-3.15.0-py3-none-any.whl
  name: nicegui
  version: 3.15.0
  sha256: 5d6b66d3fd3854f7ecb8f2195feae8b66bdbb1c1d392a8df2d15a04695204a70
  requires_dist:
  - pygments>=2.20.0,<3.0.0
  - aiofiles>=23.1.0
  - aiohttp>=3.14.1
  - altair>=6.0.0 ; extra == 'altair'
  - anywidget>=0.9.21 ; extra == 'anywidget'
  - certifi>=2024.7.4
  - docutils>=0.19.0
  - fastapi>=0.109.1,!=0.123.5
  - fonttools>=4.60.2 ; extra == 'matplotlib'
  - h11>=0.16.0
  - httpx>=0.24.0
  - idna>=3.15
  - ifaddr>=0.2.0
  - itsdangerous>=2.1.2,<3
  - jinja2>=3.1.6,<4
  - lxml>=6.1.0
  - lxml-html-clean>=0.4.4
  - markdown2>=2.4.7,!=2.4.11
  - matplotlib>=3.5.0,<4 ; extra == 'matplotlib'
  - nicegui-highcharts>=3.3.0,<4 ; extra == 'highcharts'
  - orjson>=3.11.5 ; platform_machine != 'i386' and platform_machine != 'i686' and platform_python_implementation != 'PyPy'
  - pillow>=12.3.0 ; extra == 'matplotlib'
  - plotly>=5.13,<7.0 ; extra == 'plotly'
  - pydantic-core>=2.35.0
  - python-dotenv>=1.2.2
  - python-engineio>=4.13.2
  - python-multipart>=0.0.31
  - python-socketio[asyncio-client]>=5.16.2
  - pywebview>=5.0.1,<7 ; extra == 'native'
  - redis>=4.0.0 ; extra == 'redis'
  - starlette>=1.3.1
  - tinycss2>=1.4.0,<2
  - typing-extensions>=4.0.0
  - uvicorn[standard]>=0.22.0
  - watchfiles>=0.18.1
  requires_python: '>=3.10,<4'
- conda: https://conda.anaconda.org/conda-forge/osx-arm64/openssl-3.6.1-hd24854e_1.conda
  sha256: 361f5c5e60052abc12bdd1b50d7a1a43e6a6653aab99a2263bf2288d709dcf67
  md5: f4f6ad63f98f64191c3e77c5f5f29d76
  depends:
  - __osx >=11.0
  - ca-certificates
  license: Apache-2.0
  license_family: Apache
  purls: []
  size: 3104268
  timestamp: 1769556384749
- pypi: https://files.pythonhosted.org/packages/32/33/93fcc25907235c344ae73122f8a4e01d2d393ef062b4af7d2e2487a32c37/orjson-3.11.9-cp313-cp313-macosx_10_15_x86_64.macosx_11_0_arm64.macosx_10_15_universal2.whl
  name: orjson
  version: 3.11.9
  sha256: 4bab1b2d6141fe7b32ae71dac905666ece4f94936efbfb13d55bb7739a3a6021
  requires_python: '>=3.10'
- pypi: https://files.pythonhosted.org/packages/a9/12/a6ba6482bb5ea3260c000c9b20881c95fa11c6b30173715668259f844ed7/propcache-0.5.2-cp313-cp313-macosx_11_0_arm64.whl
  name: propcache
  version: 0.5.2
  sha256: fc299c129490f55f254cd90be0deca4764e36e9a7c08b4aa588479a3bbed3098
  requires_python: '>=3.10'
- pypi: https://files.pythonhosted.org/packages/fd/7b/122376b1fd3c62c1ed9dc80c931ace4844b3c55407b6fb2d199377c9736f/pydantic-2.13.4-py3-none-any.whl
  name: pydantic
  version: 2.13.4
  sha256: 45a282cde31d808236fd7ea9d919b128653c8b38b393d1c4ab335c62924d9aba
  requires_dist:
  - annotated-types>=0.6.0
  - pydantic-core==2.46.4
  - typing-extensions>=4.14.1
  - typing-inspection>=0.4.2
  - email-validator>=2.0.0 ; extra == 'email'
  - tzdata ; python_full_version >= '3.9' and sys_platform == 'win32' and extra == 'timezone'
  requires_python: '>=3.9'
- pypi: https://files.pythonhosted.org/packages/c1/81/4fa520eaffa8bd7d1525e644cd6d39e7d60b1592bc5b516693c7340b50f1/pydantic_core-2.46.4-cp313-cp313-macosx_11_0_arm64.whl
  name: pydantic-core
  version: 2.46.4
  sha256: c94f0688e7b8d0a67abf40e57a7eaaecd17cc9586706a31b76c031f63df052b4
  requires_dist:
  - typing-extensions>=4.14.1
  requires_python: '>=3.9'
- pypi: https://files.pythonhosted.org/packages/f4/7e/a72dd26f3b0f4f2bf1dd8923c85f7ceb43172af56d63c7383eb62b332364/pygments-2.20.0-py3-none-any.whl
  name: pygments
  version: 2.20.0
  sha256: 81a9e26dd42fd28a23a2d169d86d7ac03b46e2f8b59ed4698fb4785f946d0176
  requires_dist:
  - colorama>=0.4.6 ; extra == 'windows-terminal'
  requires_python: '>=3.9'
- conda: https://conda.anaconda.org/conda-forge/osx-arm64/python-3.13.12-h20e6be0_100_cp313.conda
  build_number: 100
  sha256: 9a4f16a64def0853f0a7b6a7beb40d498fd6b09bee10b90c3d6069b664156817
  md5: 179c0f5ae4f22bc3be567298ed0b17b9
  depends:
  - __osx >=11.0
  - bzip2 >=1.0.8,<2.0a0
  - libexpat >=2.7.3,<3.0a0
  - libffi >=3.5.2,<3.6.0a0
  - liblzma >=5.8.2,<6.0a0
  - libmpdec >=4.0.0,<5.0a0
  - libsqlite >=3.51.2,<4.0a0
  - libzlib >=1.3.1,<2.0a0
  - ncurses >=6.5,<7.0a0
  - openssl >=3.5.5,<4.0a0
  - python_abi 3.13.* *_cp313
  - readline >=8.3,<9.0a0
  - tk >=8.6.13,<8.7.0a0
  - tzdata
  license: Python-2.0
  purls: []
  size: 12770674
  timestamp: 1770272314517
  python_site_packages_path: lib/python3.13/site-packages
- pypi: https://files.pythonhosted.org/packages/0b/d7/1959b9648791274998a9c3526f6d0ec8fd2233e4d4acce81bbae76b44b2a/python_dotenv-1.2.2-py3-none-any.whl
  name: python-dotenv
  version: 1.2.2
  sha256: 1d8214789a24de455a8b8bd8ae6fe3c6b69a5e3d64aa8a8e5d68e694bbcb285a
  requires_dist:
  - click>=5.0 ; extra == 'cli'
  requires_python: '>=3.10'
- pypi: https://files.pythonhosted.org/packages/17/3d/26e14cf47c56c9ba3c3e12cae21f24716bc3182bb52260213ec0c819d0b9/python_engineio-4.13.4-py3-none-any.whl
  name: python-engineio
  version: 4.13.4
  sha256: 272de73124e255d3d2bba6f86358c1a1ba618f938f337a0c868b60550fe38719
  requires_dist:
  - simple-websocket>=0.10.0
  - requests>=2.21.0 ; extra == 'client'
  - websocket-client>=0.54.0 ; extra == 'client'
  - aiohttp>=3.11 ; extra == 'asyncio-client'
  - tox ; extra == 'dev'
  - sphinx ; extra == 'docs'
  - furo ; extra == 'docs'
  requires_python: '>=3.8'
- pypi: https://files.pythonhosted.org/packages/e1/04/e8135ebd1ad02c56ec633277529b2602ff99ff634be76cdba5744cf554fd/python_multipart-0.0.32-py3-none-any.whl
  name: python-multipart
  version: 0.0.32
  sha256: ff6d3f776f16878c894e52e107296ffc890e913c611b1a4ec6c44e2821fe2e23
  requires_python: '>=3.10'
- pypi: https://files.pythonhosted.org/packages/0a/38/8c5e72d53ff8eb27497c4f268a7f6d9121e727a50b65248288ad79a93053/python_socketio-5.16.3-py3-none-any.whl
  name: python-socketio
  version: 5.16.3
  sha256: e7ad14202a5e6448824c7c2f86161d04e13dec05992257df5c709e6a2798c041
  requires_dist:
  - bidict>=0.21.0
  - python-engineio>=4.13.2
  - requests>=2.21.0 ; extra == 'client'
  - websocket-client>=0.54.0 ; extra == 'client'
  - aiohttp>=3.4 ; extra == 'asyncio-client'
  - tox ; extra == 'dev'
  - sphinx ; extra == 'docs'
  - furo ; extra == 'docs'
  requires_python: '>=3.8'
- conda: https://conda.anaconda.org/conda-forge/noarch/python_abi-3.13-8_cp313.conda
  build_number: 8
  sha256: 210bffe7b121e651419cb196a2a63687b087497595c9be9d20ebe97dd06060a7
  md5: 94305520c52a4aa3f6c2b1ff6008d9f8
  constrains:
  - python 3.13.* *_cp313
  license: BSD-3-Clause
  license_family: BSD
  purls: []
  size: 7002
  timestamp: 1752805902938
- pypi: https://files.pythonhosted.org/packages/b1/16/95309993f1d3748cd644e02e38b75d50cbc0d9561d21f390a76242ce073f/pyyaml-6.0.3-cp313-cp313-macosx_11_0_arm64.whl
  name: pyyaml
  version: 6.0.3
  sha256: 2283a07e2c21a2aa78d9c4442724ec1eb15f5e42a723b99cb3d822d48f5f7ad1
  requires_python: '>=3.8'
- conda: https://conda.anaconda.org/conda-forge/osx-arm64/readline-8.3-h46df422_0.conda
  sha256: a77010528efb4b548ac2a4484eaf7e1c3907f2aec86123ed9c5212ae44502477
  md5: f8381319127120ce51e081dce4865cf4
  depends:
  - __osx >=11.0
  - ncurses >=6.5,<7.0a0
  license: GPL-3.0-only
  license_family: GPL
  purls: []
  size: 313930
  timestamp: 1765813902568
- pypi: https://files.pythonhosted.org/packages/52/59/0782e51887ac6b07ffd1570e0364cf901ebc36345fea669969d2084baebb/simple_websocket-1.1.0-py3-none-any.whl
  name: simple-websocket
  version: 1.1.0
  sha256: 4af6069630a38ed6c561010f0e11a5bc0d4ca569b36306eb257cd9a192497c8c
  requires_dist:
  - wsproto
  - tox ; extra == 'dev'
  - flake8 ; extra == 'dev'
  - pytest ; extra == 'dev'
  - pytest-cov ; extra == 'dev'
  - sphinx ; extra == 'docs'
  requires_python: '>=3.6'
- pypi: https://files.pythonhosted.org/packages/ec/bb/2799cc2ede3ed41131f8975621e7213dfc7ef4acbbaadfa440f32500c370/starlette-1.3.1-py3-none-any.whl
  name: starlette
  version: 1.3.1
  sha256: c7372aae11c3c3f26a42df7bd626cec2f47d03483d261d369516a615a53714c6
  requires_dist:
  - anyio>=3.6.2,<5
  - typing-extensions>=4.10.0 ; python_full_version < '3.13'
  - httpx2>=2.0.0 ; extra == 'full'
  - httpx>=0.27.0,<0.29.0 ; extra == 'full'
  - itsdangerous ; extra == 'full'
  - jinja2 ; extra == 'full'
  - python-multipart>=0.0.18 ; extra == 'full'
  - pyyaml ; extra == 'full'
  requires_python: '>=3.10'
- pypi: https://files.pythonhosted.org/packages/60/45/c7b5c3168458db837e8ceab06dc77824e18202679d0463f0e8f002143a97/tinycss2-1.5.1-py3-none-any.whl
  name: tinycss2
  version: 1.5.1
  sha256: 3415ba0f5839c062696996998176c4a3751d18b7edaaeeb658c9ce21ec150661
  requires_dist:
  - webencodings>=0.4
  - sphinx ; extra == 'doc'
  - furo ; extra == 'doc'
  - pytest ; extra == 'test'
  - ruff ; extra == 'test'
  requires_python: '>=3.10'
- conda: https://conda.anaconda.org/conda-forge/osx-arm64/tk-8.6.13-h010d191_3.conda
  sha256: 799cab4b6cde62f91f750149995d149bc9db525ec12595e8a1d91b9317f038b3
  md5: a9d86bc62f39b94c4661716624eb21b0
  depends:
  - __osx >=11.0
  - libzlib >=1.3.1,<2.0a0
  license: TCL
  license_family: BSD
  purls: []
  size: 3127137
  timestamp: 1769460817696
- pypi: https://files.pythonhosted.org/packages/49/d3/b8441a820a491ddfc024b0b0cf0393375b75ea13866d9c66727e54c2fc80/typing_extensions-4.16.0-py3-none-any.whl
  name: typing-extensions
  version: 4.16.0
  sha256: 481caa481374e813c1b176ada14e97f1f67a4539ce9cfeb3f350d78d6370c2e8
  requires_python: '>=3.9'
- pypi: https://files.pythonhosted.org/packages/dc/9b/47798a6c91d8bdb567fe2698fe81e0c6b7cb7ef4d13da4114b41d239f65d/typing_inspection-0.4.2-py3-none-any.whl
  name: typing-inspection
  version: 0.4.2
  sha256: 4ed1cacbdc298c220f1bd249ed5287caa16f34d44ef4e9c3d0cbad5b521545e7
  requires_dist:
  - typing-extensions>=4.12.0
  requires_python: '>=3.9'
- conda: https://conda.anaconda.org/conda-forge/noarch/tzdata-2025c-hc9c84f9_1.conda
  sha256: 1d30098909076af33a35017eed6f2953af1c769e273a0626a04722ac4acaba3c
  md5: ad659d0a2b3e47e38d829aa8cad2d610
  license: LicenseRef-Public-Domain
  purls: []
  size: 119135
  timestamp: 1767016325805
- pypi: https://files.pythonhosted.org/packages/39/e6/b5c0630ace9757232aec07112be8146b812787db52141ff9d50674aa7634/uvicorn-0.52.0-py3-none-any.whl
  name: uvicorn
  version: 0.52.0
  sha256: 3d887809810b89ed33501bcf0a9aba469b06ecd608158efce04bd6b48d8c9b08
  requires_dist:
  - click>=7.0
  - h11>=0.8
  - typing-extensions>=4.0 ; python_full_version < '3.11'
  - httptools>=0.8.0 ; extra == 'standard'
  - python-dotenv>=0.13 ; extra == 'standard'
  - pyyaml>=5.1 ; extra == 'standard'
  - uvloop>=0.15.1 ; platform_python_implementation != 'PyPy' and sys_platform != 'cygwin' and sys_platform != 'win32' and extra == 'standard'
  - watchfiles>=0.20 ; extra == 'standard'
  - websockets>=13.0 ; extra == 'standard'
  requires_python: '>=3.10'
- pypi: https://files.pythonhosted.org/packages/89/8c/182a2a593195bfd39842ea68ebc084e20c850806117213f5a299dfc513d9/uvloop-0.22.1-cp313-cp313-macosx_10_13_universal2.whl
  name: uvloop
  version: 0.22.1
  sha256: 561577354eb94200d75aca23fbde86ee11be36b00e52a4eaf8f50fb0c86b7705
  requires_dist:
  - aiohttp>=3.10.5 ; extra == 'test'
  - flake8~=6.1 ; extra == 'test'
  - psutil ; extra == 'test'
  - pycodestyle~=2.11.0 ; extra == 'test'
  - pyopenssl~=25.3.0 ; extra == 'test'
  - mypy>=0.800 ; extra == 'test'
  - setuptools>=60 ; extra == 'dev'
  - cython~=3.0 ; extra == 'dev'
  - sphinx~=4.1.2 ; extra == 'docs'
  - sphinxcontrib-asyncio~=0.3.0 ; extra == 'docs'
  - sphinx-rtd-theme~=0.5.2 ; extra == 'docs'
  requires_python: '>=3.8.1'
- pypi: https://files.pythonhosted.org/packages/31/3a/0da302f2307aee316922806ebd5726c542cbd787c938271cf14a074c7daf/watchfiles-1.2.0-cp313-cp313-macosx_11_0_arm64.whl
  name: watchfiles
  version: 1.2.0
  sha256: 7ba0480b9a74af058f43b337e937a451e109295c420916d68ad24e3dc02f5e44
  requires_dist:
  - anyio>=3.0.0
  requires_python: '>=3.10'
- pypi: https://files.pythonhosted.org/packages/f4/24/2a3e3df732393fed8b3ebf2ec078f05546de641fe1b667ee316ec1dcf3b7/webencodings-0.5.1-py2.py3-none-any.whl
  name: webencodings
  version: 0.5.1
  sha256: a0af1213f3c2226497a97e2b3aa01a7e4bee4f403f95be16fc9acd2947514a78
- pypi: https://files.pythonhosted.org/packages/a2/ef/cc994494bf7d97e41833f6ff55c24f535e4d527a10370b9631737e9c2f00/websockets-17.0.1-cp313-cp313-macosx_11_0_arm64.whl
  name: websockets
  version: 17.0.1
  sha256: 734d20364dc2cfe03674883cafcf580b6e431c5ce42b476312b9285310230cf9
  requires_python: '>=3.11'
- pypi: https://files.pythonhosted.org/packages/a4/f5/10b68b7b1544245097b2a1b8238f66f2fc6dcaeb24ba5d917f52bd2eed4f/wsproto-1.3.2-py3-none-any.whl
  name: wsproto
  version: 1.3.2
  sha256: 61eea322cdf56e8cc904bd3ad7573359a242ba65688716b0710a5eb12beab584
  requires_dist:
  - h11>=0.16.0,<1
  requires_python: '>=3.10'
- pypi: https://files.pythonhosted.org/packages/15/f0/7688d3f2cfff7590df2af38ec46d969f4281a4dddb08a9ad2eafbcdddf98/yarl-1.24.5-cp313-cp313-macosx_11_0_arm64.whl
  name: yarl
  version: 1.24.5
  sha256: 92ab3e11448f2ff7bf53c5a26eff0edc086898ec8b21fb154b85839ce1d88075
  requires_dist:
  - idna>=2.0
  - multidict>=4.0
  - propcache>=0.2.1
  requires_python: '>=3.10'
